
Microsoft Visual Studio Solution File, Format Version 12.00
# Visual Studio Version 16
VisualStudioVersion = 16.0.31624.102
MinimumVisualStudioVersion = 10.0.40219.1
Project("{FAE04EC0-301F-11D3-BF4B-00C04F79EFBC}") = "ApplicationWebEvenements", "ApplicationWebEvenements\ApplicationWebEvenements.csproj", "{876D1257-36F2-493A-8A2C-265C5BD79678}"
EndProject
Global
	GlobalSection(SolutionConfigurationPlatforms) = preSolution
		Debug|Any CPU = Debug|Any CPU
		Release|Any CPU = Release|Any CPU
	EndGlobalSection
	GlobalSection(ProjectConfigurationPlatforms) = postSolution
		{876D1257-36F2-493A-8A2C-265C5BD79678}.Debug|Any CPU.ActiveCfg = Debug|Any CPU
		{876D1257-36F2-493A-8A2C-265C5BD79678}.Debug|Any CPU.Build.0 = Debug|Any CPU
		{876D1257-36F2-493A-8A2C-265C5BD79678}.Release|Any CPU.ActiveCfg = Release|Any CPU
		{876D1257-36F2-493A-8A2C-265C5BD79678}.Release|Any CPU.Build.0 = Release|Any CPU
	EndGlobalSection
	GlobalSection(SolutionProperties) = preSolution
		HideSolutionNode = FALSE
	EndGlobalSection
	GlobalSection(ExtensibilityGlobals) = postSolution
		SolutionGuid = {CEEEF6C6-3D99-4241-97B1-E33171245E7D}
	EndGlobalSection
EndGlobal
